// !$*UTF8*$!
{
	archiveVersion = 1;
	classes = {
	};
	objectVersion = 56;
	objects = {

/* Begin PBXBuildFile section */
		666D72572AC0694D004DD77A /* RepoStreakApp.swift in Sources */ = {isa = PBXBuildFile; fileRef = 666D72562AC0694D004DD77A /* RepoStreakApp.swift */; };
		666D72592AC0694D004DD77A /* ContentView.swift in Sources */ = {isa = PBXBuildFile; fileRef = 666D72582AC0694D004DD77A /* ContentView.swift */; };
		666D725B2AC0694E004DD77A /* Assets.xcassets in Resources */ = {isa = PBXBuildFile; fileRef = 666D725A2AC0694E004DD77A /* Assets.xcassets */; };
		666D725E2AC0694E004DD77A /* Preview Assets.xcassets in Resources */ = {isa = PBXBuildFile; fileRef = 666D725D2AC0694E004DD77A /* Preview Assets.xcassets */; };
		666D72B72AC0A9D0004DD77A /* StreakValidator.swift in Sources */ = {isa = PBXBuildFile; fileRef = 666D72B62AC0A9D0004DD77A /* StreakValidator.swift */; };
		666D72B92AC0AECD004DD77A /* ValidatorErrors.swift in Sources */ = {isa = PBXBuildFile; fileRef = 666D72B82AC0AECD004DD77A /* ValidatorErrors.swift */; };
		6687B3492AC8AB3100C28BB3 /* SettingsView.swift in Sources */ = {isa = PBXBuildFile; fileRef = 6687B3482AC8AB3100C28BB3 /* SettingsView.swift */; };
		6687B34B2AC8B24000C28BB3 /* RepositoryData.swift in Sources */ = {isa = PBXBuildFile; fileRef = 6687B34A2AC8B24000C28BB3 /* RepositoryData.swift */; };
/* End PBXBuildFile section */

/* Begin PBXFileReference section */
		666D72532AC0694D004DD77A /* RepoStreak.app */ = {isa = PBXFileReference; explicitFileType = wrapper.application; includeInIndex = 0; path = RepoStreak.app; sourceTree = BUILT_PRODUCTS_DIR; };
		666D72562AC0694D004DD77A /* RepoStreakApp.swift */ = {isa = PBXFileReference; lastKnownFileType = sourcecode.swift; path = RepoStreakApp.swift; sourceTree = "<group>"; };
		666D72582AC0694D004DD77A /* ContentView.swift */ = {isa = PBXFileReference; lastKnownFileType = sourcecode.swift; path = ContentView.swift; sourceTree = "<group>"; };
		666D725A2AC0694E004DD77A /* Assets.xcassets */ = {isa = PBXFileReference; lastKnownFileType = folder.assetcatalog; path = Assets.xcassets; sourceTree = "<group>"; };
		666D725D2AC0694E004DD77A /* Preview Assets.xcassets */ = {isa = PBXFileReference; lastKnownFileType = folder.assetcatalog; path = "Preview Assets.xcassets"; sourceTree = "<group>"; };
		666D72B62AC0A9D0004DD77A /* StreakValidator.swift */ = {isa = PBXFileReference; lastKnownFileType = sourcecode.swift; path = StreakValidator.swift; sourceTree = "<group>"; };
		666D72B82AC0AECD004DD77A /* ValidatorErrors.swift */ = {isa = PBXFileReference; lastKnownFileType = sourcecode.swift; path = ValidatorErrors.swift; sourceTree = "<group>"; };
		6687B3482AC8AB3100C28BB3 /* SettingsView.swift */ = {isa = PBXFileReference; lastKnownFileType = sourcecode.swift; path = SettingsView.swift; sourceTree = "<group>"; };
		6687B34A2AC8B24000C28BB3 /* RepositoryData.swift */ = {isa = PBXFileReference; lastKnownFileType = sourcecode.swift; path = RepositoryData.swift; sourceTree = "<group>"; };
/* End PBXFileReference section */

/* Begin PBXFrameworksBuildPhase section */
		666D72502AC0694D004DD77A /* Frameworks */ = {
			isa = PBXFrameworksBuildPhase;
			buildActionMask = 2147483647;
			files = (
			);
			runOnlyForDeploymentPostprocessing = 0;
		};
/* End PBXFrameworksBuildPhase section */

/* Begin PBXGroup section */
		666D724A2AC0694D004DD77A = {
			isa = PBXGroup;
			children = (
				666D72552AC0694D004DD77A /* RepoStreak */,
				666D72542AC0694D004DD77A /* Products */,
			);
			sourceTree = "<group>";
		};
		666D72542AC0694D004DD77A /* Products */ = {
			isa = PBXGroup;
			children = (
				666D72532AC0694D004DD77A /* RepoStreak.app */,
			);
			name = Products;
			sourceTree = "<group>";
		};
		666D72552AC0694D004DD77A /* RepoStreak */ = {
			isa = PBXGroup;
			children = (
				666D72562AC0694D004DD77A /* RepoStreakApp.swift */,
				666D72582AC0694D004DD77A /* ContentView.swift */,
				6687B34A2AC8B24000C28BB3 /* RepositoryData.swift */,
				666D72B62AC0A9D0004DD77A /* StreakValidator.swift */,
				6687B3482AC8AB3100C28BB3 /* SettingsView.swift */,
				666D72B82AC0AECD004DD77A /* ValidatorErrors.swift */,
				666D725A2AC0694E004DD77A /* Assets.xcassets */,
				666D725C2AC0694E004DD77A /* Preview Content */,
			);
			path = RepoStreak;
			sourceTree = "<group>";
		};
		666D725C2AC0694E004DD77A /* Preview Content */ = {
			isa = PBXGroup;
			children = (
				666D725D2AC0694E004DD77A /* Preview Assets.xcassets */,
			);
			path = "Preview Content";
			sourceTree = "<group>";
		};
/* End PBXGroup section */

/* Begin PBXNativeTarget section */
		666D72522AC0694D004DD77A /* RepoStreak */ = {
			isa = PBXNativeTarget;
			buildConfigurationList = 666D72612AC0694E004DD77A /* Build configuration list for PBXNativeTarget "RepoStreak" */;
			buildPhases = (
				666D724F2AC0694D004DD77A /* Sources */,
				666D72502AC0694D004DD77A /* Frameworks */,
				666D72512AC0694D004DD77A /* Resources */,
			);
			buildRules = (
			);
			dependencies = (
			);
			name = RepoStreak;
			productName = RepoStreak;
			productReference = 666D72532AC0694D004DD77A /* RepoStreak.app */;
			productType = "com.apple.product-type.application";
		};
/* End PBXNativeTarget section */

/* Begin PBXProject section */
		666D724B2AC0694D004DD77A /* Project object */ = {
			isa = PBXProject;
			attributes = {
				BuildIndependentTargetsInParallel = 1;
				LastSwiftUpdateCheck = 1500;
				LastUpgradeCheck = 1500;
				TargetAttributes = {
					666D72522AC0694D004DD77A = {
						CreatedOnToolsVersion = 15.0;
					};
				};
			};
			buildConfigurationList = 666D724E2AC0694D004DD77A /* Build configuration list for PBXProject "RepoStreak" */;
			compatibilityVersion = "Xcode 14.0";
			developmentRegion = en;
			hasScannedForEncodings = 0;
			knownRegions = (
				en,
				Base,
			);
			mainGroup = 666D724A2AC0694D004DD77A;
			productRefGroup = 666D72542AC0694D004DD77A /* Products */;
			projectDirPath = "";
			projectRoot = "";
			targets = (
				666D72522AC0694D004DD77A /* RepoStreak */,
			);
		};
/* End PBXProject section */

/* Begin PBXResourcesBuildPhase section */
		666D72512AC0694D004DD77A /* Resources */ = {
			isa = PBXResourcesBuildPhase;
			buildActionMask = 2147483647;
			files = (
				666D725E2AC0694E004DD77A /* Preview Assets.xcassets in Resources */,
				666D725B2AC0694E004DD77A /* Assets.xcassets in Resources */,
			);
			runOnlyForDeploymentPostprocessing = 0;
		};
/* End PBXResourcesBuildPhase section */

/* Begin PBXSourcesBuildPhase section */
		666D724F2AC0694D004DD77A /* Sources */ = {
			isa = PBXSourcesBuildPhase;
			buildActionMask = 2147483647;
			files = (
				6687B3492AC8AB3100C28BB3 /* SettingsView.swift in Sources */,
				666D72B72AC0A9D0004DD77A /* StreakValidator.swift in Sources */,
				666D72592AC0694D004DD77A /* ContentView.swift in Sources */,
				666D72572AC0694D004DD77A /* RepoStreakApp.swift in Sources */,
				666D72B92AC0AECD004DD77A /* ValidatorErrors.swift in Sources */,
				6687B34B2AC8B24000C28BB3 /* RepositoryData.swift in Sources */,
			);
			runOnlyForDeploymentPostprocessing = 0;
		};
/* End PBXSourcesBuildPhase section */

/* Begin XCBuildConfiguration section */
		666D725F2AC0694E004DD77A /* Debug */ = {
			isa = XCBuildConfiguration;
			buildSettings = {
				ALWAYS_SEARCH_USER_PATHS = NO;
				ASSETCATALOG_COMPILER_GENERATE_SWIFT_ASSET_SYMBOL_EXTENSIONS = YES;
				CLANG_ANALYZER_NONNULL = YES;
				CLANG_ANALYZER_NUMBER_OBJECT_CONVERSION = YES_AGGRESSIVE;
				CLANG_CXX_LANGUAGE_STANDARD = "gnu++20";
				CLANG_ENABLE_MODULES = YES;
				CLANG_ENABLE_OBJC_ARC = YES;
				CLANG_ENABLE_OBJC_WEAK = YES;
				CLANG_WARN_BLOCK_CAPTURE_AUTORELEASING = YES;
				CLANG_WARN_BOOL_CONVERSION = YES;
				CLANG_WARN_COMMA = YES;
				CLANG_WARN_CONSTANT_CONVERSION = YES;
				CLANG_WARN_DEPRECATED_OBJC_IMPLEMENTATIONS = YES;
				CLANG_WARN_DIRECT_OBJC_ISA_USAGE = YES_ERROR;
				CLANG_WARN_DOCUMENTATION_COMMENTS = YES;
				CLANG_WARN_EMPTY_BODY = YES;
				CLANG_WARN_ENUM_CONVERSION = YES;
				CLANG_WARN_INFINITE_RECURSION = YES;
				CLANG_WARN_INT_CONVERSION = YES;
				CLANG_WARN_NON_LITERAL_NULL_CONVERSION = YES;
				CLANG_WARN_OBJC_IMPLICIT_RETAIN_SELF = YES;
				CLANG_WARN_OBJC_LITERAL_CONVERSION = YES;
				CLANG_WARN_OBJC_ROOT_CLASS = YES_ERROR;
				CLANG_WARN_QUOTED_INCLUDE_IN_FRAMEWORK_HEADER = YES;
				CLANG_WARN_RANGE_LOOP_ANALYSIS = YES;
				CLANG_WARN_STRICT_PROTOTYPES = YES;
				CLANG_WARN_SUSPICIOUS_MOVE = YES;
				CLANG_WARN_UNGUARDED_AVAILABILITY = YES_AGGRESSIVE;
				CLANG_WARN_UNREACHABLE_CODE = YES;
				CLANG_WARN__DUPLICATE_METHOD_MATCH = YES;
				COPY_PHASE_STRIP = NO;
				DEBUG_INFORMATION_FORMAT = dwarf;
				ENABLE_STRICT_OBJC_MSGSEND = YES;
				ENABLE_TESTABILITY = YES;
				ENABLE_USER_SCRIPT_SANDBOXING = YES;
				GCC_C_LANGUAGE_STANDARD = gnu17;
				GCC_DYNAMIC_NO_PIC = NO;
				GCC_NO_COMMON_BLOCKS = YES;
				GCC_OPTIMIZATION_LEVEL = 0;
				GCC_PREPROCESSOR_DEFINITIONS = (
					"DEBUG=1",
					"$(inherited)",
				);
				GCC_WARN_64_TO_32_BIT_CONVERSION = YES;
				GCC_WARN_ABOUT_RETURN_TYPE = YES_ERROR;
				GCC_WARN_UNDECLARED_SELECTOR = YES;
				GCC_WARN_UNINITIALIZED_AUTOS = YES_AGGRESSIVE;
				GCC_WARN_UNUSED_FUNCTION = YES;
				GCC_WARN_UNUSED_VARIABLE = YES;
				IPHONEOS_DEPLOYMENT_TARGET = 17.0;
				LOCALIZATION_PREFERS_STRING_CATALOGS = YES;
				MTL_ENABLE_DEBUG_INFO = INCLUDE_SOURCE;
				MTL_FAST_MATH = YES;
				ONLY_ACTIVE_ARCH = YES;
				SDKROOT = iphoneos;
				SWIFT_ACTIVE_COMPILATION_CONDITIONS = "DEBUG $(inherited)";
				SWIFT_OPTIMIZATION_LEVEL = "-Onone";
			};
			name = Debug;
		};
		666D72602AC0694E004DD77A /* Release */ = {
			isa = XCBuildConfiguration;
			buildSettings = {
				ALWAYS_SEARCH_USER_PATHS = NO;
				ASSETCATALOG_COMPILER_GENERATE_SWIFT_ASSET_SYMBOL_EXTENSIONS = YES;
				CLANG_ANALYZER_NONNULL = YES;
				CLANG_ANALYZER_NUMBER_OBJECT_CONVERSION = YES_AGGRESSIVE;
				CLANG_CXX_LANGUAGE_STANDARD = "gnu++20";
				CLANG_ENABLE_MODULES = YES;
				CLANG_ENABLE_OBJC_ARC = YES;
				CLANG_ENABLE_OBJC_WEAK = YES;
				CLANG_WARN_BLOCK_CAPTURE_AUTORELEASING = YES;
				CLANG_WARN_BOOL_CONVERSION = YES;
				CLANG_WARN_COMMA = YES;
				CLANG_WARN_CONSTANT_CONVERSION = YES;
				CLANG_WARN_DEPRECATED_OBJC_IMPLEMENTATIONS = YES;
				CLANG_WARN_DIRECT_OBJC_ISA_USAGE = YES_ERROR;
				CLANG_WARN_DOCUMENTATION_COMMENTS = YES;
				CLANG_WARN_EMPTY_BODY = YES;
				CLANG_WARN_ENUM_CONVERSION = YES;
				CLANG_WARN_INFINITE_RECURSION = YES;
				CLANG_WARN_INT_CONVERSION = YES;
				CLANG_WARN_NON_LITERAL_NULL_CONVERSION = YES;
				CLANG_WARN_OBJC_IMPLICIT_RETAIN_SELF = YES;
				CLANG_WARN_OBJC_LITERAL_CONVERSION = YES;
				CLANG_WARN_OBJC_ROOT_CLASS = YES_ERROR;
				CLANG_WARN_QUOTED_INCLUDE_IN_FRAMEWORK_HEADER = YES;
				CLANG_WARN_RANGE_LOOP_ANALYSIS = YES;
				CLANG_WARN_STRICT_PROTOTYPES = YES;
				CLANG_WARN_SUSPICIOUS_MOVE = YES;
				CLANG_WARN_UNGUARDED_AVAILABILITY = YES_AGGRESSIVE;
				CLANG_WARN_UNREACHABLE_CODE = YES;
				CLANG_WARN__DUPLICATE_METHOD_MATCH = YES;
				COPY_PHASE_STRIP = NO;
				DEBUG_INFORMATION_FORMAT = "dwarf-with-dsym";
				ENABLE_NS_ASSERTIONS = NO;
				ENABLE_STRICT_OBJC_MSGSEND = YES;
				ENABLE_USER_SCRIPT_SANDBOXING = YES;
				GCC_C_LANGUAGE_STANDARD = gnu17;
				GCC_NO_COMMON_BLOCKS = YES;
				GCC_WARN_64_TO_32_BIT_CONVERSION = YES;
				GCC_WARN_ABOUT_RETURN_TYPE = YES_ERROR;
				GCC_WARN_UNDECLARED_SELECTOR = YES;
				GCC_WARN_UNINITIALIZED_AUTOS = YES_AGGRESSIVE;
				GCC_WARN_UNUSED_FUNCTION = YES;
				GCC_WARN_UNUSED_VARIABLE = YES;
				IPHONEOS_DEPLOYMENT_TARGET = 17.0;
				LOCALIZATION_PREFERS_STRING_CATALOGS = YES;
				MTL_ENABLE_DEBUG_INFO = NO;
				MTL_FAST_MATH = YES;
				SDKROOT = iphoneos;
				SWIFT_COMPILATION_MODE = wholemodule;
				VALIDATE_PRODUCT = YES;
			};
			name = Release;
		};
		666D72622AC0694E004DD77A /* Debug */ = {
			isa = XCBuildConfiguration;
			buildSettings = {
				ASSETCATALOG_COMPILER_APPICON_NAME = AppIcon;
				ASSETCATALOG_COMPILER_GLOBAL_ACCENT_COLOR_NAME = AccentColor;
				CODE_SIGN_STYLE = Automatic;
				CURRENT_PROJECT_VERSION = 1;
				DEVELOPMENT_ASSET_PATHS = "\"RepoStreak/Preview Content\"";
				DEVELOPMENT_TEAM = 474G49AKB2;
				ENABLE_PREVIEWS = YES;
				GENERATE_INFOPLIST_FILE = YES;
				INFOPLIST_KEY_UIApplicationSceneManifest_Generation = YES;
				INFOPLIST_KEY_UIApplicationSupportsIndirectInputEvents = YES;
				INFOPLIST_KEY_UILaunchScreen_Generation = YES;
				INFOPLIST_KEY_UISupportedInterfaceOrientations_iPad = "UIInterfaceOrientationPortrait UIInterfaceOrientationPortraitUpsideDown UIInterfaceOrientationLandscapeLeft UIInterfaceOrientationLandscapeRight";
				INFOPLIST_KEY_UISupportedInterfaceOrientations_iPhone = "UIInterfaceOrientationPortrait UIInterfaceOrientationLandscapeLeft UIInterfaceOrientationLandscapeRight";
				LD_RUNPATH_SEARCH_PATHS = (
					"$(inherited)",
					"@executable_path/Frameworks",
				);
				MARKETING_VERSION = 1.0;
				PRODUCT_BUNDLE_IDENTIFIER = com.admi126n.RepoStreak;
				PRODUCT_NAME = "$(TARGET_NAME)";
				SWIFT_EMIT_LOC_STRINGS = YES;
				SWIFT_VERSION = 5.0;
				TARGETED_DEVICE_FAMILY = "1,2";
			};
			name = Debug;
		};
		666D72632AC0694E004DD77A /* Release */ = {
			isa = XCBuildConfiguration;
			buildSettings = {
				ASSETCATALOG_COMPILER_APPICON_NAME = AppIcon;
				ASSETCATALOG_COMPILER_GLOBAL_ACCENT_COLOR_NAME = AccentColor;
				CODE_SIGN_STYLE = Automatic;
				CURRENT_PROJECT_VERSION = 1;
				DEVELOPMENT_ASSET_PATHS = "\"RepoStreak/Preview Content\"";
				DEVELOPMENT_TEAM = 474G49AKB2;
				ENABLE_PREVIEWS = YES;
				GENERATE_INFOPLIST_FILE = YES;
				INFOPLIST_KEY_UIApplicationSceneManifest_Generation = YES;
				INFOPLIST_KEY_UIApplicationSupportsIndirectInputEvents = YES;
				INFOPLIST_KEY_UILaunchScreen_Generation = YES;
				INFOPLIST_KEY_UISupportedInterfaceOrientations_iPad = "UIInterfaceOrientationPortrait UIInterfaceOrientationPortraitUpsideDown UIInterfaceOrientationLandscapeLeft UIInterfaceOrientationLandscapeRight";
				INFOPLIST_KEY_UISupportedInterfaceOrientations_iPhone = "UIInterfaceOrientationPortrait UIInterfaceOrientationLandscapeLeft UIInterfaceOrientationLandscapeRight";
				LD_RUNPATH_SEARCH_PATHS = (
					"$(inherited)",
					"@executable_path/Frameworks",
				);
				MARKETING_VERSION = 1.0;
				PRODUCT_BUNDLE_IDENTIFIER = com.admi126n.RepoStreak;
				PRODUCT_NAME = "$(TARGET_NAME)";
				SWIFT_EMIT_LOC_STRINGS = YES;
				SWIFT_VERSION = 5.0;
				TARGETED_DEVICE_FAMILY = "1,2";
			};
			name = Release;
		};
/* End XCBuildConfiguration section */

/* Begin XCConfigurationList section */
		666D724E2AC0694D004DD77A /* Build configuration list for PBXProject "RepoStreak" */ = {
			isa = XCConfigurationList;
			buildConfigurations = (
				666D725F2AC0694E004DD77A /* Debug */,
				666D72602AC0694E004DD77A /* Release */,
			);
			defaultConfigurationIsVisible = 0;
			defaultConfigurationName = Release;
		};
		666D72612AC0694E004DD77A /* Build configuration list for PBXNativeTarget "RepoStreak" */ = {
			isa = XCConfigurationList;
			buildConfigurations = (
				666D72622AC0694E004DD77A /* Debug */,
				666D72632AC0694E004DD77A /* Release */,
			);
			defaultConfigurationIsVisible = 0;
			defaultConfigurationName = Release;
		};
/* End XCConfigurationList section */
	};
	rootObject = 666D724B2AC0694D004DD77A /* Project object */;
}
